
Microsoft Visual Studio Solution File, Format Version 12.00
# Visual Studio 15
VisualStudioVersion = 15.0.28307.1758
MinimumVisualStudioVersion = 10.0.40219.1
Project("{8BC9CEB8-8B4A-11D0-8D11-00A0C91BC942}") = "FeatureCatalog", "FeatureCatalog\FeatureCatalog.vcxproj", "{4964C844-DAE9-4DD3-B9D9-DAA7520D019A}"
EndProject
Project("{8BC9CEB8-8B4A-11D0-8D11-00A0C91BC942}") = "S-100 Simple Editor", "GISViewer\GISViewer.vcxproj", "{2E170712-5B08-4BC5-9959-F3A4BB6958B3}"
	ProjectSection(ProjectDependencies) = postProject
		{54CC752A-ACE9-4DEA-82AC-0F401BB4653C} = {54CC752A-ACE9-4DEA-82AC-0F401BB4653C}
		{33943243-A35E-42C3-AD7E-B6BE65F4BC47} = {33943243-A35E-42C3-AD7E-B6BE65F4BC47}
		{4964C844-DAE9-4DD3-B9D9-DAA7520D019A} = {4964C844-DAE9-4DD3-B9D9-DAA7520D019A}
		{8D774AAF-2CAD-4B5A-8065-300A66317660} = {8D774AAF-2CAD-4B5A-8065-300A66317660}
	EndProjectSection
EndProject
Project("{8BC9CEB8-8B4A-11D0-8D11-00A0C91BC942}") = "RoutePlanner", "RoutePlanner\RoutePlanner.vcxproj", "{8D774AAF-2CAD-4B5A-8065-300A66317660}"
EndProject
Project("{8BC9CEB8-8B4A-11D0-8D11-00A0C91BC942}") = "S100EditingResource", "S100EditingResource\S100EditingResource.vcxproj", "{54CC752A-ACE9-4DEA-82AC-0F401BB4653C}"
EndProject
Project("{8BC9CEB8-8B4A-11D0-8D11-00A0C91BC942}") = "MetadataSetDll", "MetadataSetDll\MetadataSetDll.vcxproj", "{40C9A767-8996-4C2B-ADE5-B85122AAE0B4}"
EndProject
Project("{8BC9CEB8-8B4A-11D0-8D11-00A0C91BC942}") = "S100DatasetGML", "S100DatasetGML\S100DatasetGML.vcxproj", "{F344C9BA-A867-414A-A4EF-58B0EF326707}"
	ProjectSection(ProjectDependencies) = postProject
		{4964C844-DAE9-4DD3-B9D9-DAA7520D019A} = {4964C844-DAE9-4DD3-B9D9-DAA7520D019A}
	EndProjectSection
EndProject
Project("{8BC9CEB8-8B4A-11D0-8D11-00A0C91BC942}") = "S100DatasetManager", "S100DatasetManager\S100DatasetManager.vcxproj", "{837160F3-9832-41B9-A316-4F72BBB5BEFA}"
EndProject
Project("{8BC9CEB8-8B4A-11D0-8D11-00A0C91BC942}") = "S100ExchangeSet", "S100ExchangeSet\S100ExchangeSet.vcxproj", "{AC5F12F8-9448-4A75-BEFA-8065A78992C0}"
EndProject
Project("{8BC9CEB8-8B4A-11D0-8D11-00A0C91BC942}") = "DLL_InteroperabilityCatalog", "DLL_InteroperabilityCatalog\DLL_InteroperabilityCatalog.vcxproj", "{04822ECB-5060-455F-B22A-A40E44C16BB6}"
EndProject
Project("{8BC9CEB8-8B4A-11D0-8D11-00A0C91BC942}") = "DLL_MessageProcess", "DLL_MessageProcess\DLL_MessageProcess.vcxproj", "{C5954B5E-EC94-478F-8F99-3ADCBA00B70A}"
EndProject
Project("{8BC9CEB8-8B4A-11D0-8D11-00A0C91BC942}") = "LuaScriptingReference", "LuaScriptingReference\LuaScriptingReference.vcxproj", "{33943243-A35E-42C3-AD7E-B6BE65F4BC47}"
EndProject
Project("{8BC9CEB8-8B4A-11D0-8D11-00A0C91BC942}") = "LibMFCUtil", "LibMFCUtil\LibMFCUtil.vcxproj", "{423E4835-A278-43C4-AD2D-E8A4D0C98F8A}"
EndProject
Project("{8BC9CEB8-8B4A-11D0-8D11-00A0C91BC942}") = "libS111", "libS111\libS111.vcxproj", "{D7042D3C-A920-40F0-B6C4-B331C70B6400}"
EndProject
Project("{8BC9CEB8-8B4A-11D0-8D11-00A0C91BC942}") = "libS100HDF5", "libS100HDF5\libS100HDF5.vcxproj", "{E7E8BF60-522C-4B32-B4FB-26EC32C95F4F}"
EndProject
Project("{8BC9CEB8-8B4A-11D0-8D11-00A0C91BC942}") = "S100Engine", "S100Engine\S100Engine.vcxproj", "{E3F7A8CB-3453-4046-A4FC-94BB8769021A}"
EndProject
Project("{2150E333-8FDC-42A3-9474-1A3956D46DE8}") = "Program (EXE)", "Program (EXE)", "{A6E35B64-5E4C-4C27-B7BF-7CD075F992ED}"
EndProject
Project("{2150E333-8FDC-42A3-9474-1A3956D46DE8}") = "LIB", "LIB", "{333C2836-06F8-4C26-BE02-2AD9CFB7B5C3}"
EndProject
Project("{2150E333-8FDC-42A3-9474-1A3956D46DE8}") = "DLL", "DLL", "{272E017C-CB28-453D-A9DB-505EDE827108}"
EndProject
Global
	GlobalSection(SolutionConfigurationPlatforms) = preSolution
		Debug|Win32 = Debug|Win32
		Debug|x64 = Debug|x64
		Release|Win32 = Release|Win32
		Release|x64 = Release|x64
	EndGlobalSection
	GlobalSection(ProjectConfigurationPlatforms) = postSolution
		{4964C844-DAE9-4DD3-B9D9-DAA7520D019A}.Debug|Win32.ActiveCfg = Debug|Win32
		{4964C844-DAE9-4DD3-B9D9-DAA7520D019A}.Debug|Win32.Build.0 = Debug|Win32
		{4964C844-DAE9-4DD3-B9D9-DAA7520D019A}.Debug|x64.ActiveCfg = Debug|Win32
		{4964C844-DAE9-4DD3-B9D9-DAA7520D019A}.Release|Win32.ActiveCfg = Release|Win32
		{4964C844-DAE9-4DD3-B9D9-DAA7520D019A}.Release|Win32.Build.0 = Release|Win32
		{4964C844-DAE9-4DD3-B9D9-DAA7520D019A}.Release|x64.ActiveCfg = Release|Win32
		{2E170712-5B08-4BC5-9959-F3A4BB6958B3}.Debug|Win32.ActiveCfg = Debug|Win32
		{2E170712-5B08-4BC5-9959-F3A4BB6958B3}.Debug|Win32.Build.0 = Debug|Win32
		{2E170712-5B08-4BC5-9959-F3A4BB6958B3}.Debug|x64.ActiveCfg = Debug|Win32
		{2E170712-5B08-4BC5-9959-F3A4BB6958B3}.Release|Win32.ActiveCfg = Release|Win32
		{2E170712-5B08-4BC5-9959-F3A4BB6958B3}.Release|Win32.Build.0 = Release|Win32
		{2E170712-5B08-4BC5-9959-F3A4BB6958B3}.Release|x64.ActiveCfg = Release|Win32
		{8D774AAF-2CAD-4B5A-8065-300A66317660}.Debug|Win32.ActiveCfg = Debug|Win32
		{8D774AAF-2CAD-4B5A-8065-300A66317660}.Debug|Win32.Build.0 = Debug|Win32
		{8D774AAF-2CAD-4B5A-8065-300A66317660}.Debug|Win32.Deploy.0 = Debug|Win32
		{8D774AAF-2CAD-4B5A-8065-300A66317660}.Debug|x64.ActiveCfg = Debug|Win32
		{8D774AAF-2CAD-4B5A-8065-300A66317660}.Release|Win32.ActiveCfg = Release|Win32
		{8D774AAF-2CAD-4B5A-8065-300A66317660}.Release|Win32.Build.0 = Release|Win32
		{8D774AAF-2CAD-4B5A-8065-300A66317660}.Release|x64.ActiveCfg = Release|Win32
		{54CC752A-ACE9-4DEA-82AC-0F401BB4653C}.Debug|Win32.ActiveCfg = Debug|Win32
		{54CC752A-ACE9-4DEA-82AC-0F401BB4653C}.Debug|Win32.Build.0 = Debug|Win32
		{54CC752A-ACE9-4DEA-82AC-0F401BB4653C}.Debug|x64.ActiveCfg = Debug|Win32
		{54CC752A-ACE9-4DEA-82AC-0F401BB4653C}.Release|Win32.ActiveCfg = Release|Win32
		{54CC752A-ACE9-4DEA-82AC-0F401BB4653C}.Release|Win32.Build.0 = Release|Win32
		{54CC752A-ACE9-4DEA-82AC-0F401BB4653C}.Release|x64.ActiveCfg = Release|Win32
		{40C9A767-8996-4C2B-ADE5-B85122AAE0B4}.Debug|Win32.ActiveCfg = Debug|Win32
		{40C9A767-8996-4C2B-ADE5-B85122AAE0B4}.Debug|Win32.Build.0 = Debug|Win32
		{40C9A767-8996-4C2B-ADE5-B85122AAE0B4}.Debug|x64.ActiveCfg = Debug|Win32
		{40C9A767-8996-4C2B-ADE5-B85122AAE0B4}.Release|Win32.ActiveCfg = Release|Win32
		{40C9A767-8996-4C2B-ADE5-B85122AAE0B4}.Release|Win32.Build.0 = Release|Win32
		{40C9A767-8996-4C2B-ADE5-B85122AAE0B4}.Release|x64.ActiveCfg = Release|Win32
		{F344C9BA-A867-414A-A4EF-58B0EF326707}.Debug|Win32.ActiveCfg = Debug|Win32
		{F344C9BA-A867-414A-A4EF-58B0EF326707}.Debug|Win32.Build.0 = Debug|Win32
		{F344C9BA-A867-414A-A4EF-58B0EF326707}.Debug|x64.ActiveCfg = Debug|Win32
		{F344C9BA-A867-414A-A4EF-58B0EF326707}.Release|Win32.ActiveCfg = Release|Win32
		{F344C9BA-A867-414A-A4EF-58B0EF326707}.Release|Win32.Build.0 = Release|Win32
		{F344C9BA-A867-414A-A4EF-58B0EF326707}.Release|x64.ActiveCfg = Release|Win32
		{837160F3-9832-41B9-A316-4F72BBB5BEFA}.Debug|Win32.ActiveCfg = Debug|Win32
		{837160F3-9832-41B9-A316-4F72BBB5BEFA}.Debug|Win32.Build.0 = Debug|Win32
		{837160F3-9832-41B9-A316-4F72BBB5BEFA}.Debug|x64.ActiveCfg = Debug|Win32
		{837160F3-9832-41B9-A316-4F72BBB5BEFA}.Release|Win32.ActiveCfg = Release|Win32
		{837160F3-9832-41B9-A316-4F72BBB5BEFA}.Release|Win32.Build.0 = Release|Win32
		{837160F3-9832-41B9-A316-4F72BBB5BEFA}.Release|x64.ActiveCfg = Release|Win32
		{AC5F12F8-9448-4A75-BEFA-8065A78992C0}.Debug|Win32.ActiveCfg = Debug|Win32
		{AC5F12F8-9448-4A75-BEFA-8065A78992C0}.Debug|Win32.Build.0 = Debug|Win32
		{AC5F12F8-9448-4A75-BEFA-8065A78992C0}.Debug|x64.ActiveCfg = Debug|Win32
		{AC5F12F8-9448-4A75-BEFA-8065A78992C0}.Release|Win32.ActiveCfg = Release|Win32
		{AC5F12F8-9448-4A75-BEFA-8065A78992C0}.Release|Win32.Build.0 = Release|Win32
		{AC5F12F8-9448-4A75-BEFA-8065A78992C0}.Release|x64.ActiveCfg = Release|Win32
		{04822ECB-5060-455F-B22A-A40E44C16BB6}.Debug|Win32.ActiveCfg = Debug|Win32
		{04822ECB-5060-455F-B22A-A40E44C16BB6}.Debug|Win32.Build.0 = Debug|Win32
		{04822ECB-5060-455F-B22A-A40E44C16BB6}.Debug|x64.ActiveCfg = Debug|Win32
		{04822ECB-5060-455F-B22A-A40E44C16BB6}.Release|Win32.ActiveCfg = Release|Win32
		{04822ECB-5060-455F-B22A-A40E44C16BB6}.Release|Win32.Build.0 = Release|Win32
		{04822ECB-5060-455F-B22A-A40E44C16BB6}.Release|x64.ActiveCfg = Release|Win32
		{C5954B5E-EC94-478F-8F99-3ADCBA00B70A}.Debug|Win32.ActiveCfg = Debug|Win32
		{C5954B5E-EC94-478F-8F99-3ADCBA00B70A}.Debug|Win32.Build.0 = Debug|Win32
		{C5954B5E-EC94-478F-8F99-3ADCBA00B70A}.Debug|x64.ActiveCfg = Debug|Win32
		{C5954B5E-EC94-478F-8F99-3ADCBA00B70A}.Release|Win32.ActiveCfg = Release|Win32
		{C5954B5E-EC94-478F-8F99-3ADCBA00B70A}.Release|Win32.Build.0 = Release|Win32
		{C5954B5E-EC94-478F-8F99-3ADCBA00B70A}.Release|x64.ActiveCfg = Release|Win32
		{33943243-A35E-42C3-AD7E-B6BE65F4BC47}.Debug|Win32.ActiveCfg = Debug|Win32
		{33943243-A35E-42C3-AD7E-B6BE65F4BC47}.Debug|Win32.Build.0 = Debug|Win32
		{33943243-A35E-42C3-AD7E-B6BE65F4BC47}.Debug|x64.ActiveCfg = Debug|x64
		{33943243-A35E-42C3-AD7E-B6BE65F4BC47}.Debug|x64.Build.0 = Debug|x64
		{33943243-A35E-42C3-AD7E-B6BE65F4BC47}.Release|Win32.ActiveCfg = Release|Win32
		{33943243-A35E-42C3-AD7E-B6BE65F4BC47}.Release|Win32.Build.0 = Release|Win32
		{33943243-A35E-42C3-AD7E-B6BE65F4BC47}.Release|x64.ActiveCfg = Release|x64
		{33943243-A35E-42C3-AD7E-B6BE65F4BC47}.Release|x64.Build.0 = Release|x64
		{423E4835-A278-43C4-AD2D-E8A4D0C98F8A}.Debug|Win32.ActiveCfg = Debug|Win32
		{423E4835-A278-43C4-AD2D-E8A4D0C98F8A}.Debug|Win32.Build.0 = Debug|Win32
		{423E4835-A278-43C4-AD2D-E8A4D0C98F8A}.Debug|x64.ActiveCfg = Debug|Win32
		{423E4835-A278-43C4-AD2D-E8A4D0C98F8A}.Release|Win32.ActiveCfg = Release|Win32
		{423E4835-A278-43C4-AD2D-E8A4D0C98F8A}.Release|Win32.Build.0 = Release|Win32
		{423E4835-A278-43C4-AD2D-E8A4D0C98F8A}.Release|x64.ActiveCfg = Release|Win32
		{D7042D3C-A920-40F0-B6C4-B331C70B6400}.Debug|Win32.ActiveCfg = Debug|Win32
		{D7042D3C-A920-40F0-B6C4-B331C70B6400}.Debug|Win32.Build.0 = Debug|Win32
		{D7042D3C-A920-40F0-B6C4-B331C70B6400}.Debug|x64.ActiveCfg = Debug|Win32
		{D7042D3C-A920-40F0-B6C4-B331C70B6400}.Release|Win32.ActiveCfg = Release|Win32
		{D7042D3C-A920-40F0-B6C4-B331C70B6400}.Release|Win32.Build.0 = Release|Win32
		{D7042D3C-A920-40F0-B6C4-B331C70B6400}.Release|x64.ActiveCfg = Release|Win32
		{E7E8BF60-522C-4B32-B4FB-26EC32C95F4F}.Debug|Win32.ActiveCfg = Debug|Win32
		{E7E8BF60-522C-4B32-B4FB-26EC32C95F4F}.Debug|Win32.Build.0 = Debug|Win32
		{E7E8BF60-522C-4B32-B4FB-26EC32C95F4F}.Debug|x64.ActiveCfg = Debug|x64
		{E7E8BF60-522C-4B32-B4FB-26EC32C95F4F}.Debug|x64.Build.0 = Debug|x64
		{E7E8BF60-522C-4B32-B4FB-26EC32C95F4F}.Release|Win32.ActiveCfg = Release|Win32
		{E7E8BF60-522C-4B32-B4FB-26EC32C95F4F}.Release|Win32.Build.0 = Release|Win32
		{E7E8BF60-522C-4B32-B4FB-26EC32C95F4F}.Release|x64.ActiveCfg = Release|x64
		{E7E8BF60-522C-4B32-B4FB-26EC32C95F4F}.Release|x64.Build.0 = Release|x64
		{E3F7A8CB-3453-4046-A4FC-94BB8769021A}.Debug|Win32.ActiveCfg = Debug|Win32
		{E3F7A8CB-3453-4046-A4FC-94BB8769021A}.Debug|Win32.Build.0 = Debug|Win32
		{E3F7A8CB-3453-4046-A4FC-94BB8769021A}.Debug|x64.ActiveCfg = Debug|x64
		{E3F7A8CB-3453-4046-A4FC-94BB8769021A}.Debug|x64.Build.0 = Debug|x64
		{E3F7A8CB-3453-4046-A4FC-94BB8769021A}.Release|Win32.ActiveCfg = Release|Win32
		{E3F7A8CB-3453-4046-A4FC-94BB8769021A}.Release|Win32.Build.0 = Release|Win32
		{E3F7A8CB-3453-4046-A4FC-94BB8769021A}.Release|x64.ActiveCfg = Release|x64
		{E3F7A8CB-3453-4046-A4FC-94BB8769021A}.Release|x64.Build.0 = Release|x64
	EndGlobalSection
	GlobalSection(SolutionProperties) = preSolution
		HideSolutionNode = FALSE
	EndGlobalSection
	GlobalSection(NestedProjects) = preSolution
		{4964C844-DAE9-4DD3-B9D9-DAA7520D019A} = {333C2836-06F8-4C26-BE02-2AD9CFB7B5C3}
		{2E170712-5B08-4BC5-9959-F3A4BB6958B3} = {A6E35B64-5E4C-4C27-B7BF-7CD075F992ED}
		{8D774AAF-2CAD-4B5A-8065-300A66317660} = {333C2836-06F8-4C26-BE02-2AD9CFB7B5C3}
		{54CC752A-ACE9-4DEA-82AC-0F401BB4653C} = {333C2836-06F8-4C26-BE02-2AD9CFB7B5C3}
		{40C9A767-8996-4C2B-ADE5-B85122AAE0B4} = {272E017C-CB28-453D-A9DB-505EDE827108}
		{F344C9BA-A867-414A-A4EF-58B0EF326707} = {272E017C-CB28-453D-A9DB-505EDE827108}
		{837160F3-9832-41B9-A316-4F72BBB5BEFA} = {333C2836-06F8-4C26-BE02-2AD9CFB7B5C3}
		{AC5F12F8-9448-4A75-BEFA-8065A78992C0} = {272E017C-CB28-453D-A9DB-505EDE827108}
		{04822ECB-5060-455F-B22A-A40E44C16BB6} = {272E017C-CB28-453D-A9DB-505EDE827108}
		{C5954B5E-EC94-478F-8F99-3ADCBA00B70A} = {272E017C-CB28-453D-A9DB-505EDE827108}
		{33943243-A35E-42C3-AD7E-B6BE65F4BC47} = {272E017C-CB28-453D-A9DB-505EDE827108}
		{423E4835-A278-43C4-AD2D-E8A4D0C98F8A} = {272E017C-CB28-453D-A9DB-505EDE827108}
		{D7042D3C-A920-40F0-B6C4-B331C70B6400} = {272E017C-CB28-453D-A9DB-505EDE827108}
		{E7E8BF60-522C-4B32-B4FB-26EC32C95F4F} = {272E017C-CB28-453D-A9DB-505EDE827108}
		{E3F7A8CB-3453-4046-A4FC-94BB8769021A} = {333C2836-06F8-4C26-BE02-2AD9CFB7B5C3}
	EndGlobalSection
	GlobalSection(ExtensibilityGlobals) = postSolution
		SolutionGuid = {0FB74FC9-EE03-4CCB-935C-D5C9C891AA13}
	EndGlobalSection
EndGlobal
