<?xml version="1.0" encoding="utf-8"?>
<Project ToolsVersion="4.0" xmlns="http://schemas.microsoft.com/developer/msbuild/2003">
  <ItemGroup>
    <Filter Include="소스 파일">
      <UniqueIdentifier>{4FC737F1-C7A5-4376-A066-2A32D752A2FF}</UniqueIdentifier>
      <Extensions>cpp;c;cc;cxx;def;odl;idl;hpj;bat;asm;asmx</Extensions>
    </Filter>
    <Filter Include="헤더 파일">
      <UniqueIdentifier>{93995380-89BD-4b04-88EB-625FBE52EBFB}</UniqueIdentifier>
      <Extensions>h;hh;hpp;hxx;hm;inl;inc;xsd</Extensions>
    </Filter>
    <Filter Include="리소스 파일">
      <UniqueIdentifier>{67DA6AB6-F800-4c08-8B7A-83BB121AAD01}</UniqueIdentifier>
      <Extensions>rc;ico;cur;bmp;dlg;rc2;rct;bin;rgs;gif;jpg;jpeg;jpe;resx;tiff;tif;png;wav;mfcribbon-ms</Extensions>
    </Filter>
  </ItemGroup>
  <ItemGroup>
    <Text Include="ReadMe.txt" />
  </ItemGroup>
  <ItemGroup>
    <ClCompile Include="stdafx.cpp">
      <Filter>소스 파일</Filter>
    </ClCompile>
    <ClCompile Include="EditingContent.cpp">
      <Filter>소스 파일</Filter>
    </ClCompile>
    <ClCompile Include="SnapPoint.cpp">
      <Filter>소스 파일</Filter>
    </ClCompile>
    <ClCompile Include="EdtUnit.cpp">
      <Filter>소스 파일</Filter>
    </ClCompile>
    <ClCompile Include="EdtVector.cpp">
      <Filter>소스 파일</Filter>
    </ClCompile>
    <ClCompile Include="EdtAttribute.cpp">
      <Filter>소스 파일</Filter>
    </ClCompile>
    <ClCompile Include="EdtWorkUnit.cpp">
      <Filter>소스 파일</Filter>
    </ClCompile>
  </ItemGroup>
  <ItemGroup>
    <ClInclude Include="stdafx.h">
      <Filter>헤더 파일</Filter>
    </ClInclude>
    <ClInclude Include="targetver.h">
      <Filter>헤더 파일</Filter>
    </ClInclude>
    <ClInclude Include="Resource.h">
      <Filter>헤더 파일</Filter>
    </ClInclude>
    <ClInclude Include="EditingContent.h">
      <Filter>헤더 파일</Filter>
    </ClInclude>
    <ClInclude Include="SnapPoint.h">
      <Filter>헤더 파일</Filter>
    </ClInclude>
    <ClInclude Include="EdtUnit.h">
      <Filter>헤더 파일</Filter>
    </ClInclude>
    <ClInclude Include="EdtVector.h">
      <Filter>헤더 파일</Filter>
    </ClInclude>
    <ClInclude Include="EdtAttribute.h">
      <Filter>헤더 파일</Filter>
    </ClInclude>
    <ClInclude Include="EdtWorkUnit.h">
      <Filter>헤더 파일</Filter>
    </ClInclude>
    <ClInclude Include="EdtOrient.h">
      <Filter>헤더 파일</Filter>
    </ClInclude>
    <ClInclude Include="EdtDateType.h">
      <Filter>헤더 파일</Filter>
    </ClInclude>
    <ClInclude Include="EdtCommand.h">
      <Filter>헤더 파일</Filter>
    </ClInclude>
    <ClInclude Include="EdtTopologyIndicator.h">
      <Filter>헤더 파일</Filter>
    </ClInclude>
  </ItemGroup>
  <ItemGroup>
    <None Include="S100EditingResource.def">
      <Filter>소스 파일</Filter>
    </None>
    <None Include="res\S100EditingResource.rc2">
      <Filter>리소스 파일</Filter>
    </None>
  </ItemGroup>
  <ItemGroup>
    <ResourceCompile Include="S100EditingResource.rc">
      <Filter>리소스 파일</Filter>
    </ResourceCompile>
  </ItemGroup>
</Project>