<?xml version="1.0" encoding="utf-8"?>
<Project ToolsVersion="4.0" xmlns="http://schemas.microsoft.com/developer/msbuild/2003">
  <ItemGroup>
    <Filter Include="소스 파일">
      <UniqueIdentifier>{4FC737F1-C7A5-4376-A066-2A32D752A2FF}</UniqueIdentifier>
      <Extensions>cpp;c;cc;cxx;def;odl;idl;hpj;bat;asm;asmx</Extensions>
    </Filter>
    <Filter Include="헤더 파일">
      <UniqueIdentifier>{93995380-89BD-4b04-88EB-625FBE52EBFB}</UniqueIdentifier>
      <Extensions>h;hh;hpp;hxx;hm;inl;inc;xsd</Extensions>
    </Filter>
    <Filter Include="리소스 파일">
      <UniqueIdentifier>{67DA6AB6-F800-4c08-8B7A-83BB121AAD01}</UniqueIdentifier>
      <Extensions>rc;ico;cur;bmp;dlg;rc2;rct;bin;rgs;gif;jpg;jpeg;jpe;resx;tiff;tif;png;wav;mfcribbon-ms</Extensions>
    </Filter>
  </ItemGroup>
  <ItemGroup>
    <Text Include="ReadMe.txt" />
  </ItemGroup>
  <ItemGroup>
    <ClCompile Include="S100ExchangeSet.cpp">
      <Filter>소스 파일</Filter>
    </ClCompile>
    <ClCompile Include="stdafx.cpp">
      <Filter>소스 파일</Filter>
    </ClCompile>
    <ClCompile Include="ExchangeSetXML.cpp">
      <Filter>소스 파일</Filter>
    </ClCompile>
    <ClCompile Include="Tag.cpp">
      <Filter>소스 파일</Filter>
    </ClCompile>
    <ClCompile Include="ProductSpecification.cpp">
      <Filter>소스 파일</Filter>
    </ClCompile>
    <ClCompile Include="CI_RoleCode.cpp">
      <Filter>소스 파일</Filter>
    </ClCompile>
    <ClCompile Include="Role.cpp">
      <Filter>소스 파일</Filter>
    </ClCompile>
    <ClCompile Include="Voice.cpp">
      <Filter>소스 파일</Filter>
    </ClCompile>
    <ClCompile Include="CI_Telephone.cpp">
      <Filter>소스 파일</Filter>
    </ClCompile>
    <ClCompile Include="Phone.cpp">
      <Filter>소스 파일</Filter>
    </ClCompile>
    <ClCompile Include="DeliveryPoint.cpp">
      <Filter>소스 파일</Filter>
    </ClCompile>
    <ClCompile Include="City.cpp">
      <Filter>소스 파일</Filter>
    </ClCompile>
    <ClCompile Include="PostalCode.cpp">
      <Filter>소스 파일</Filter>
    </ClCompile>
    <ClCompile Include="CI_Address.cpp">
      <Filter>소스 파일</Filter>
    </ClCompile>
    <ClCompile Include="Address.cpp">
      <Filter>소스 파일</Filter>
    </ClCompile>
    <ClCompile Include="CI_Contact.cpp">
      <Filter>소스 파일</Filter>
    </ClCompile>
    <ClCompile Include="ContactInfo.cpp">
      <Filter>소스 파일</Filter>
    </ClCompile>
    <ClCompile Include="OrganisationName.cpp">
      <Filter>소스 파일</Filter>
    </ClCompile>
    <ClCompile Include="ProducingAgency.cpp">
      <Filter>소스 파일</Filter>
    </ClCompile>
    <ClCompile Include="WestBoundLongitude.cpp">
      <Filter>소스 파일</Filter>
    </ClCompile>
    <ClCompile Include="EastBoundLongitude.cpp">
      <Filter>소스 파일</Filter>
    </ClCompile>
    <ClCompile Include="SouthBoundLongitude.cpp">
      <Filter>소스 파일</Filter>
    </ClCompile>
    <ClCompile Include="NorthBoundLongitude.cpp">
      <Filter>소스 파일</Filter>
    </ClCompile>
    <ClCompile Include="BoundingBox.cpp">
      <Filter>소스 파일</Filter>
    </ClCompile>
    <ClCompile Include="FileName.cpp">
      <Filter>소스 파일</Filter>
    </ClCompile>
    <ClCompile Include="S100_19115DatasetMetadata.cpp">
      <Filter>소스 파일</Filter>
    </ClCompile>
    <ClCompile Include="S100_SupportFileDiscoveryMetadata.cpp">
      <Filter>소스 파일</Filter>
    </ClCompile>
    <ClCompile Include="S100_DatasetDiscoveryMetadata.cpp">
      <Filter>소스 파일</Filter>
    </ClCompile>
    <ClCompile Include="S100_CatalogueMetadata.cpp">
      <Filter>소스 파일</Filter>
    </ClCompile>
    <ClCompile Include="ScaleSearchFormat.cpp">
      <Filter>소스 파일</Filter>
    </ClCompile>
  </ItemGroup>
  <ItemGroup>
    <ClInclude Include="S100ExchangeSet.h">
      <Filter>헤더 파일</Filter>
    </ClInclude>
    <ClInclude Include="stdafx.h">
      <Filter>헤더 파일</Filter>
    </ClInclude>
    <ClInclude Include="targetver.h">
      <Filter>헤더 파일</Filter>
    </ClInclude>
    <ClInclude Include="Resource.h">
      <Filter>헤더 파일</Filter>
    </ClInclude>
    <ClInclude Include="ExchangeSetXML.h">
      <Filter>헤더 파일</Filter>
    </ClInclude>
    <ClInclude Include="Tag.h">
      <Filter>헤더 파일</Filter>
    </ClInclude>
    <ClInclude Include="ScaleState.h">
      <Filter>헤더 파일</Filter>
    </ClInclude>
    <ClInclude Include="CatalogType.h">
      <Filter>헤더 파일</Filter>
    </ClInclude>
    <ClInclude Include="ProductSpecification.h">
      <Filter>헤더 파일</Filter>
    </ClInclude>
    <ClInclude Include="CI_RoleCode.h">
      <Filter>헤더 파일</Filter>
    </ClInclude>
    <ClInclude Include="Role.h">
      <Filter>헤더 파일</Filter>
    </ClInclude>
    <ClInclude Include="Voice.h">
      <Filter>헤더 파일</Filter>
    </ClInclude>
    <ClInclude Include="CI_Telephone.h">
      <Filter>헤더 파일</Filter>
    </ClInclude>
    <ClInclude Include="Phone.h">
      <Filter>헤더 파일</Filter>
    </ClInclude>
    <ClInclude Include="DeliveryPoint.h">
      <Filter>헤더 파일</Filter>
    </ClInclude>
    <ClInclude Include="City.h">
      <Filter>헤더 파일</Filter>
    </ClInclude>
    <ClInclude Include="PostalCode.h">
      <Filter>헤더 파일</Filter>
    </ClInclude>
    <ClInclude Include="CI_Address.h">
      <Filter>헤더 파일</Filter>
    </ClInclude>
    <ClInclude Include="Address.h">
      <Filter>헤더 파일</Filter>
    </ClInclude>
    <ClInclude Include="CI_Contact.h">
      <Filter>헤더 파일</Filter>
    </ClInclude>
    <ClInclude Include="ContactInfo.h">
      <Filter>헤더 파일</Filter>
    </ClInclude>
    <ClInclude Include="OrganisationName.h">
      <Filter>헤더 파일</Filter>
    </ClInclude>
    <ClInclude Include="ProducingAgency.h">
      <Filter>헤더 파일</Filter>
    </ClInclude>
    <ClInclude Include="WestBoundLongitude.h">
      <Filter>헤더 파일</Filter>
    </ClInclude>
    <ClInclude Include="EastBoundLongitude.h">
      <Filter>헤더 파일</Filter>
    </ClInclude>
    <ClInclude Include="SouthBoundLongitude.h">
      <Filter>헤더 파일</Filter>
    </ClInclude>
    <ClInclude Include="NorthBoundLongitude.h">
      <Filter>헤더 파일</Filter>
    </ClInclude>
    <ClInclude Include="BoundingBox.h">
      <Filter>헤더 파일</Filter>
    </ClInclude>
    <ClInclude Include="FileName.h">
      <Filter>헤더 파일</Filter>
    </ClInclude>
    <ClInclude Include="S100_19115DatasetMetadata.h">
      <Filter>헤더 파일</Filter>
    </ClInclude>
    <ClInclude Include="S100_SupportFileDiscoveryMetadata.h">
      <Filter>헤더 파일</Filter>
    </ClInclude>
    <ClInclude Include="S100_DatasetDiscoveryMetadata.h">
      <Filter>헤더 파일</Filter>
    </ClInclude>
    <ClInclude Include="S100_CatalogueMetadata.h">
      <Filter>헤더 파일</Filter>
    </ClInclude>
    <ClInclude Include="ScaleSearchFormat.h">
      <Filter>헤더 파일</Filter>
    </ClInclude>
  </ItemGroup>
  <ItemGroup>
    <None Include="S100ExchangeSet.def">
      <Filter>소스 파일</Filter>
    </None>
    <None Include="res\S100ExchangeSet.rc2">
      <Filter>리소스 파일</Filter>
    </None>
  </ItemGroup>
  <ItemGroup>
    <ResourceCompile Include="S100ExchangeSet.rc">
      <Filter>리소스 파일</Filter>
    </ResourceCompile>
  </ItemGroup>
</Project>